
Microsoft Visual Studio Solution File, Format Version 12.00
# Visual Studio Version 17
VisualStudioVersion = 17.2.32630.192
MinimumVisualStudioVersion = 10.0.40219.1
Project("{FAE04EC0-301F-11D3-BF4B-00C04F79EFBC}") = "LineComparisonComputation", "LineComparisonComputation.csproj", "{CFAB79CF-0E19-4D53-8063-48853CF3DCE4}"
EndProject
Global
	GlobalSection(SolutionConfigurationPlatforms) = preSolution
		Debug|Any CPU = Debug|Any CPU
		Release|Any CPU = Release|Any CPU
	EndGlobalSection
	GlobalSection(ProjectConfigurationPlatforms) = postSolution
		{CFAB79CF-0E19-4D53-8063-48853CF3DCE4}.Debug|Any CPU.ActiveCfg = Debug|Any CPU
		{CFAB79CF-0E19-4D53-8063-48853CF3DCE4}.Debug|Any CPU.Build.0 = Debug|Any CPU
		{CFAB79CF-0E19-4D53-8063-48853CF3DCE4}.Release|Any CPU.ActiveCfg = Release|Any CPU
		{CFAB79CF-0E19-4D53-8063-48853CF3DCE4}.Release|Any CPU.Build.0 = Release|Any CPU
	EndGlobalSection
	GlobalSection(SolutionProperties) = preSolution
		HideSolutionNode = FALSE
	EndGlobalSection
	GlobalSection(ExtensibilityGlobals) = postSolution
		SolutionGuid = {07D863A2-F8AA-470E-B7CB-D1E111E87AFE}
	EndGlobalSection
EndGlobal
